
Microsoft Visual Studio Solution File, Format Version 12.00
# Visual Studio Version 16
VisualStudioVersion = 16.0.28803.452
MinimumVisualStudioVersion = 10.0.40219.1
Project("{FAE04EC0-301F-11D3-BF4B-00C04F79EFBC}") = "ChuckNorrisFacts.UWP", "ChuckNorrisFacts\ChuckNorrisFacts.UWP\ChuckNorrisFacts.UWP.csproj", "{2811B610-E9B0-46FB-9CB3-5E4FE9A52DF8}"
EndProject
Project("{FAE04EC0-301F-11D3-BF4B-00C04F79EFBC}") = "ChuckNorrisFacts.Android", "ChuckNorrisFacts\ChuckNorrisFacts.Android\ChuckNorrisFacts.Android.csproj", "{6E1E11C5-D4CD-4690-9BDE-70B0208893B6}"
EndProject
Project("{FAE04EC0-301F-11D3-BF4B-00C04F79EFBC}") = "ChuckNorrisFacts.iOS", "ChuckNorrisFacts\ChuckNorrisFacts.iOS\ChuckNorrisFacts.iOS.csproj", "{C79A8CDA-8EF6-4241-BDB6-8BCB7A9848BE}"
EndProject
Project("{FAE04EC0-301F-11D3-BF4B-00C04F79EFBC}") = "ChuckNorrisFacts", "ChuckNorrisFacts\ChuckNorrisFacts\ChuckNorrisFacts.csproj", "{D092057E-13CE-4249-BAF8-05BE1F7524EC}"
EndProject
Global
	GlobalSection(SolutionConfigurationPlatforms) = preSolution
		Debug|Any CPU = Debug|Any CPU
		Debug|ARM = Debug|ARM
		Debug|iPhone = Debug|iPhone
		Debug|iPhoneSimulator = Debug|iPhoneSimulator
		Debug|x64 = Debug|x64
		Debug|x86 = Debug|x86
		Release|Any CPU = Release|Any CPU
		Release|ARM = Release|ARM
		Release|iPhone = Release|iPhone
		Release|iPhoneSimulator = Release|iPhoneSimulator
		Release|x64 = Release|x64
		Release|x86 = Release|x86
	EndGlobalSection
	GlobalSection(ProjectConfigurationPlatforms) = postSolution
		{2811B610-E9B0-46FB-9CB3-5E4FE9A52DF8}.Debug|Any CPU.ActiveCfg = Debug|x86
		{2811B610-E9B0-46FB-9CB3-5E4FE9A52DF8}.Debug|Any CPU.Build.0 = Debug|x86
		{2811B610-E9B0-46FB-9CB3-5E4FE9A52DF8}.Debug|Any CPU.Deploy.0 = Debug|x86
		{2811B610-E9B0-46FB-9CB3-5E4FE9A52DF8}.Debug|ARM.ActiveCfg = Debug|ARM
		{2811B610-E9B0-46FB-9CB3-5E4FE9A52DF8}.Debug|ARM.Build.0 = Debug|ARM
		{2811B610-E9B0-46FB-9CB3-5E4FE9A52DF8}.Debug|ARM.Deploy.0 = Debug|ARM
		{2811B610-E9B0-46FB-9CB3-5E4FE9A52DF8}.Debug|iPhone.ActiveCfg = Debug|x86
		{2811B610-E9B0-46FB-9CB3-5E4FE9A52DF8}.Debug|iPhone.Build.0 = Debug|x86
		{2811B610-E9B0-46FB-9CB3-5E4FE9A52DF8}.Debug|iPhone.Deploy.0 = Debug|x86
		{2811B610-E9B0-46FB-9CB3-5E4FE9A52DF8}.Debug|iPhoneSimulator.ActiveCfg = Debug|x86
		{2811B610-E9B0-46FB-9CB3-5E4FE9A52DF8}.Debug|iPhoneSimulator.Build.0 = Debug|x86
		{2811B610-E9B0-46FB-9CB3-5E4FE9A52DF8}.Debug|iPhoneSimulator.Deploy.0 = Debug|x86
		{2811B610-E9B0-46FB-9CB3-5E4FE9A52DF8}.Debug|x64.ActiveCfg = Debug|x64
		{2811B610-E9B0-46FB-9CB3-5E4FE9A52DF8}.Debug|x64.Build.0 = Debug|x64
		{2811B610-E9B0-46FB-9CB3-5E4FE9A52DF8}.Debug|x64.Deploy.0 = Debug|x64
		{2811B610-E9B0-46FB-9CB3-5E4FE9A52DF8}.Debug|x86.ActiveCfg = Debug|x86
		{2811B610-E9B0-46FB-9CB3-5E4FE9A52DF8}.Debug|x86.Build.0 = Debug|x86
		{2811B610-E9B0-46FB-9CB3-5E4FE9A52DF8}.Debug|x86.Deploy.0 = Debug|x86
		{2811B610-E9B0-46FB-9CB3-5E4FE9A52DF8}.Release|Any CPU.ActiveCfg = Release|x86
		{2811B610-E9B0-46FB-9CB3-5E4FE9A52DF8}.Release|Any CPU.Build.0 = Release|x86
		{2811B610-E9B0-46FB-9CB3-5E4FE9A52DF8}.Release|Any CPU.Deploy.0 = Release|x86
		{2811B610-E9B0-46FB-9CB3-5E4FE9A52DF8}.Release|ARM.ActiveCfg = Release|ARM
		{2811B610-E9B0-46FB-9CB3-5E4FE9A52DF8}.Release|ARM.Build.0 = Release|ARM
		{2811B610-E9B0-46FB-9CB3-5E4FE9A52DF8}.Release|ARM.Deploy.0 = Release|ARM
		{2811B610-E9B0-46FB-9CB3-5E4FE9A52DF8}.Release|iPhone.ActiveCfg = Release|x86
		{2811B610-E9B0-46FB-9CB3-5E4FE9A52DF8}.Release|iPhone.Build.0 = Release|x86
		{2811B610-E9B0-46FB-9CB3-5E4FE9A52DF8}.Release|iPhone.Deploy.0 = Release|x86
		{2811B610-E9B0-46FB-9CB3-5E4FE9A52DF8}.Release|iPhoneSimulator.ActiveCfg = Release|x86
		{2811B610-E9B0-46FB-9CB3-5E4FE9A52DF8}.Release|iPhoneSimulator.Build.0 = Release|x86
		{2811B610-E9B0-46FB-9CB3-5E4FE9A52DF8}.Release|iPhoneSimulator.Deploy.0 = Release|x86
		{2811B610-E9B0-46FB-9CB3-5E4FE9A52DF8}.Release|x64.ActiveCfg = Release|x64
		{2811B610-E9B0-46FB-9CB3-5E4FE9A52DF8}.Release|x64.Build.0 = Release|x64
		{2811B610-E9B0-46FB-9CB3-5E4FE9A52DF8}.Release|x64.Deploy.0 = Release|x64
		{2811B610-E9B0-46FB-9CB3-5E4FE9A52DF8}.Release|x86.ActiveCfg = Release|x86
		{2811B610-E9B0-46FB-9CB3-5E4FE9A52DF8}.Release|x86.Build.0 = Release|x86
		{2811B610-E9B0-46FB-9CB3-5E4FE9A52DF8}.Release|x86.Deploy.0 = Release|x86
		{6E1E11C5-D4CD-4690-9BDE-70B0208893B6}.Debug|Any CPU.ActiveCfg = Debug|Any CPU
		{6E1E11C5-D4CD-4690-9BDE-70B0208893B6}.Debug|Any CPU.Build.0 = Debug|Any CPU
		{6E1E11C5-D4CD-4690-9BDE-70B0208893B6}.Debug|Any CPU.Deploy.0 = Debug|Any CPU
		{6E1E11C5-D4CD-4690-9BDE-70B0208893B6}.Debug|ARM.ActiveCfg = Debug|Any CPU
		{6E1E11C5-D4CD-4690-9BDE-70B0208893B6}.Debug|ARM.Build.0 = Debug|Any CPU
		{6E1E11C5-D4CD-4690-9BDE-70B0208893B6}.Debug|ARM.Deploy.0 = Debug|Any CPU
		{6E1E11C5-D4CD-4690-9BDE-70B0208893B6}.Debug|iPhone.ActiveCfg = Debug|Any CPU
		{6E1E11C5-D4CD-4690-9BDE-70B0208893B6}.Debug|iPhone.Build.0 = Debug|Any CPU
		{6E1E11C5-D4CD-4690-9BDE-70B0208893B6}.Debug|iPhone.Deploy.0 = Debug|Any CPU
		{6E1E11C5-D4CD-4690-9BDE-70B0208893B6}.Debug|iPhoneSimulator.ActiveCfg = Debug|Any CPU
		{6E1E11C5-D4CD-4690-9BDE-70B0208893B6}.Debug|iPhoneSimulator.Build.0 = Debug|Any CPU
		{6E1E11C5-D4CD-4690-9BDE-70B0208893B6}.Debug|iPhoneSimulator.Deploy.0 = Debug|Any CPU
		{6E1E11C5-D4CD-4690-9BDE-70B0208893B6}.Debug|x64.ActiveCfg = Debug|Any CPU
		{6E1E11C5-D4CD-4690-9BDE-70B0208893B6}.Debug|x64.Build.0 = Debug|Any CPU
		{6E1E11C5-D4CD-4690-9BDE-70B0208893B6}.Debug|x64.Deploy.0 = Debug|Any CPU
		{6E1E11C5-D4CD-4690-9BDE-70B0208893B6}.Debug|x86.ActiveCfg = Debug|Any CPU
		{6E1E11C5-D4CD-4690-9BDE-70B0208893B6}.Debug|x86.Build.0 = Debug|Any CPU
		{6E1E11C5-D4CD-4690-9BDE-70B0208893B6}.Debug|x86.Deploy.0 = Debug|Any CPU
		{6E1E11C5-D4CD-4690-9BDE-70B0208893B6}.Release|Any CPU.ActiveCfg = Release|Any CPU
		{6E1E11C5-D4CD-4690-9BDE-70B0208893B6}.Release|Any CPU.Build.0 = Release|Any CPU
		{6E1E11C5-D4CD-4690-9BDE-70B0208893B6}.Release|Any CPU.Deploy.0 = Release|Any CPU
		{6E1E11C5-D4CD-4690-9BDE-70B0208893B6}.Release|ARM.ActiveCfg = Release|Any CPU
		{6E1E11C5-D4CD-4690-9BDE-70B0208893B6}.Release|ARM.Build.0 = Release|Any CPU
		{6E1E11C5-D4CD-4690-9BDE-70B0208893B6}.Release|ARM.Deploy.0 = Release|Any CPU
		{6E1E11C5-D4CD-4690-9BDE-70B0208893B6}.Release|iPhone.ActiveCfg = Release|Any CPU
		{6E1E11C5-D4CD-4690-9BDE-70B0208893B6}.Release|iPhone.Build.0 = Release|Any CPU
		{6E1E11C5-D4CD-4690-9BDE-70B0208893B6}.Release|iPhone.Deploy.0 = Release|Any CPU
		{6E1E11C5-D4CD-4690-9BDE-70B0208893B6}.Release|iPhoneSimulator.ActiveCfg = Release|Any CPU
		{6E1E11C5-D4CD-4690-9BDE-70B0208893B6}.Release|iPhoneSimulator.Build.0 = Release|Any CPU
		{6E1E11C5-D4CD-4690-9BDE-70B0208893B6}.Release|iPhoneSimulator.Deploy.0 = Release|Any CPU
		{6E1E11C5-D4CD-4690-9BDE-70B0208893B6}.Release|x64.ActiveCfg = Release|Any CPU
		{6E1E11C5-D4CD-4690-9BDE-70B0208893B6}.Release|x64.Build.0 = Release|Any CPU
		{6E1E11C5-D4CD-4690-9BDE-70B0208893B6}.Release|x64.Deploy.0 = Release|Any CPU
		{6E1E11C5-D4CD-4690-9BDE-70B0208893B6}.Release|x86.ActiveCfg = Release|Any CPU
		{6E1E11C5-D4CD-4690-9BDE-70B0208893B6}.Release|x86.Build.0 = Release|Any CPU
		{6E1E11C5-D4CD-4690-9BDE-70B0208893B6}.Release|x86.Deploy.0 = Release|Any CPU
		{C79A8CDA-8EF6-4241-BDB6-8BCB7A9848BE}.Debug|Any CPU.ActiveCfg = Debug|iPhone
		{C79A8CDA-8EF6-4241-BDB6-8BCB7A9848BE}.Debug|Any CPU.Build.0 = Debug|iPhone
		{C79A8CDA-8EF6-4241-BDB6-8BCB7A9848BE}.Debug|Any CPU.Deploy.0 = Debug|iPhone
		{C79A8CDA-8EF6-4241-BDB6-8BCB7A9848BE}.Debug|ARM.ActiveCfg = Debug|iPhoneSimulator
		{C79A8CDA-8EF6-4241-BDB6-8BCB7A9848BE}.Debug|ARM.Build.0 = Debug|iPhoneSimulator
		{C79A8CDA-8EF6-4241-BDB6-8BCB7A9848BE}.Debug|ARM.Deploy.0 = Debug|iPhoneSimulator
		{C79A8CDA-8EF6-4241-BDB6-8BCB7A9848BE}.Debug|iPhone.ActiveCfg = Debug|iPhone
		{C79A8CDA-8EF6-4241-BDB6-8BCB7A9848BE}.Debug|iPhone.Build.0 = Debug|iPhone
		{C79A8CDA-8EF6-4241-BDB6-8BCB7A9848BE}.Debug|iPhone.Deploy.0 = Debug|iPhone
		{C79A8CDA-8EF6-4241-BDB6-8BCB7A9848BE}.Debug|iPhoneSimulator.ActiveCfg = Debug|iPhoneSimulator
		{C79A8CDA-8EF6-4241-BDB6-8BCB7A9848BE}.Debug|iPhoneSimulator.Build.0 = Debug|iPhoneSimulator
		{C79A8CDA-8EF6-4241-BDB6-8BCB7A9848BE}.Debug|iPhoneSimulator.Deploy.0 = Debug|iPhoneSimulator
		{C79A8CDA-8EF6-4241-BDB6-8BCB7A9848BE}.Debug|x64.ActiveCfg = Debug|iPhone
		{C79A8CDA-8EF6-4241-BDB6-8BCB7A9848BE}.Debug|x64.Build.0 = Debug|iPhone
		{C79A8CDA-8EF6-4241-BDB6-8BCB7A9848BE}.Debug|x64.Deploy.0 = Debug|iPhone
		{C79A8CDA-8EF6-4241-BDB6-8BCB7A9848BE}.Debug|x86.ActiveCfg = Debug|iPhone
		{C79A8CDA-8EF6-4241-BDB6-8BCB7A9848BE}.Debug|x86.Build.0 = Debug|iPhone
		{C79A8CDA-8EF6-4241-BDB6-8BCB7A9848BE}.Debug|x86.Deploy.0 = Debug|iPhone
		{C79A8CDA-8EF6-4241-BDB6-8BCB7A9848BE}.Release|Any CPU.ActiveCfg = Release|iPhone
		{C79A8CDA-8EF6-4241-BDB6-8BCB7A9848BE}.Release|Any CPU.Build.0 = Release|iPhone
		{C79A8CDA-8EF6-4241-BDB6-8BCB7A9848BE}.Release|Any CPU.Deploy.0 = Release|iPhone
		{C79A8CDA-8EF6-4241-BDB6-8BCB7A9848BE}.Release|ARM.ActiveCfg = Release|iPhone
		{C79A8CDA-8EF6-4241-BDB6-8BCB7A9848BE}.Release|ARM.Build.0 = Release|iPhone
		{C79A8CDA-8EF6-4241-BDB6-8BCB7A9848BE}.Release|ARM.Deploy.0 = Release|iPhone
		{C79A8CDA-8EF6-4241-BDB6-8BCB7A9848BE}.Release|iPhone.ActiveCfg = Release|iPhone
		{C79A8CDA-8EF6-4241-BDB6-8BCB7A9848BE}.Release|iPhone.Build.0 = Release|iPhone
		{C79A8CDA-8EF6-4241-BDB6-8BCB7A9848BE}.Release|iPhone.Deploy.0 = Release|iPhone
		{C79A8CDA-8EF6-4241-BDB6-8BCB7A9848BE}.Release|iPhoneSimulator.ActiveCfg = Release|iPhoneSimulator
		{C79A8CDA-8EF6-4241-BDB6-8BCB7A9848BE}.Release|iPhoneSimulator.Build.0 = Release|iPhoneSimulator
		{C79A8CDA-8EF6-4241-BDB6-8BCB7A9848BE}.Release|iPhoneSimulator.Deploy.0 = Release|iPhoneSimulator
		{C79A8CDA-8EF6-4241-BDB6-8BCB7A9848BE}.Release|x64.ActiveCfg = Release|iPhone
		{C79A8CDA-8EF6-4241-BDB6-8BCB7A9848BE}.Release|x64.Build.0 = Release|iPhone
		{C79A8CDA-8EF6-4241-BDB6-8BCB7A9848BE}.Release|x64.Deploy.0 = Release|iPhone
		{C79A8CDA-8EF6-4241-BDB6-8BCB7A9848BE}.Release|x86.ActiveCfg = Release|iPhone
		{C79A8CDA-8EF6-4241-BDB6-8BCB7A9848BE}.Release|x86.Build.0 = Release|iPhone
		{C79A8CDA-8EF6-4241-BDB6-8BCB7A9848BE}.Release|x86.Deploy.0 = Release|iPhone
		{D092057E-13CE-4249-BAF8-05BE1F7524EC}.Debug|Any CPU.ActiveCfg = Debug|Any CPU
		{D092057E-13CE-4249-BAF8-05BE1F7524EC}.Debug|Any CPU.Build.0 = Debug|Any CPU
		{D092057E-13CE-4249-BAF8-05BE1F7524EC}.Debug|Any CPU.Deploy.0 = Debug|Any CPU
		{D092057E-13CE-4249-BAF8-05BE1F7524EC}.Debug|ARM.ActiveCfg = Debug|Any CPU
		{D092057E-13CE-4249-BAF8-05BE1F7524EC}.Debug|ARM.Build.0 = Debug|Any CPU
		{D092057E-13CE-4249-BAF8-05BE1F7524EC}.Debug|ARM.Deploy.0 = Debug|Any CPU
		{D092057E-13CE-4249-BAF8-05BE1F7524EC}.Debug|iPhone.ActiveCfg = Debug|Any CPU
		{D092057E-13CE-4249-BAF8-05BE1F7524EC}.Debug|iPhone.Build.0 = Debug|Any CPU
		{D092057E-13CE-4249-BAF8-05BE1F7524EC}.Debug|iPhone.Deploy.0 = Debug|Any CPU
		{D092057E-13CE-4249-BAF8-05BE1F7524EC}.Debug|iPhoneSimulator.ActiveCfg = Debug|Any CPU
		{D092057E-13CE-4249-BAF8-05BE1F7524EC}.Debug|iPhoneSimulator.Build.0 = Debug|Any CPU
		{D092057E-13CE-4249-BAF8-05BE1F7524EC}.Debug|iPhoneSimulator.Deploy.0 = Debug|Any CPU
		{D092057E-13CE-4249-BAF8-05BE1F7524EC}.Debug|x64.ActiveCfg = Debug|Any CPU
		{D092057E-13CE-4249-BAF8-05BE1F7524EC}.Debug|x64.Build.0 = Debug|Any CPU
		{D092057E-13CE-4249-BAF8-05BE1F7524EC}.Debug|x64.Deploy.0 = Debug|Any CPU
		{D092057E-13CE-4249-BAF8-05BE1F7524EC}.Debug|x86.ActiveCfg = Debug|Any CPU
		{D092057E-13CE-4249-BAF8-05BE1F7524EC}.Debug|x86.Build.0 = Debug|Any CPU
		{D092057E-13CE-4249-BAF8-05BE1F7524EC}.Debug|x86.Deploy.0 = Debug|Any CPU
		{D092057E-13CE-4249-BAF8-05BE1F7524EC}.Release|Any CPU.ActiveCfg = Release|Any CPU
		{D092057E-13CE-4249-BAF8-05BE1F7524EC}.Release|Any CPU.Build.0 = Release|Any CPU
		{D092057E-13CE-4249-BAF8-05BE1F7524EC}.Release|Any CPU.Deploy.0 = Release|Any CPU
		{D092057E-13CE-4249-BAF8-05BE1F7524EC}.Release|ARM.ActiveCfg = Release|Any CPU
		{D092057E-13CE-4249-BAF8-05BE1F7524EC}.Release|ARM.Build.0 = Release|Any CPU
		{D092057E-13CE-4249-BAF8-05BE1F7524EC}.Release|ARM.Deploy.0 = Release|Any CPU
		{D092057E-13CE-4249-BAF8-05BE1F7524EC}.Release|iPhone.ActiveCfg = Release|Any CPU
		{D092057E-13CE-4249-BAF8-05BE1F7524EC}.Release|iPhone.Build.0 = Release|Any CPU
		{D092057E-13CE-4249-BAF8-05BE1F7524EC}.Release|iPhone.Deploy.0 = Release|Any CPU
		{D092057E-13CE-4249-BAF8-05BE1F7524EC}.Release|iPhoneSimulator.ActiveCfg = Release|Any CPU
		{D092057E-13CE-4249-BAF8-05BE1F7524EC}.Release|iPhoneSimulator.Build.0 = Release|Any CPU
		{D092057E-13CE-4249-BAF8-05BE1F7524EC}.Release|iPhoneSimulator.Deploy.0 = Release|Any CPU
		{D092057E-13CE-4249-BAF8-05BE1F7524EC}.Release|x64.ActiveCfg = Release|Any CPU
		{D092057E-13CE-4249-BAF8-05BE1F7524EC}.Release|x64.Build.0 = Release|Any CPU
		{D092057E-13CE-4249-BAF8-05BE1F7524EC}.Release|x64.Deploy.0 = Release|Any CPU
		{D092057E-13CE-4249-BAF8-05BE1F7524EC}.Release|x86.ActiveCfg = Release|Any CPU
		{D092057E-13CE-4249-BAF8-05BE1F7524EC}.Release|x86.Build.0 = Release|Any CPU
		{D092057E-13CE-4249-BAF8-05BE1F7524EC}.Release|x86.Deploy.0 = Release|Any CPU
	EndGlobalSection
	GlobalSection(SolutionProperties) = preSolution
		HideSolutionNode = FALSE
	EndGlobalSection
	GlobalSection(ExtensibilityGlobals) = postSolution
		SolutionGuid = {098ECFCB-3AE1-4D33-A4ED-A62B78D179CB}
	EndGlobalSection
EndGlobal
